#MicroXplorer Configuration settings - do not modify
File.Version=6
KeepUserPlacement=false
Mcu.Family=STM32L1
Mcu.IP0=I2C1
Mcu.IP1=I2C2
Mcu.IP10=USART3
Mcu.IP2=NVIC
Mcu.IP3=RCC
Mcu.IP4=SYS
Mcu.IP5=TIM2
Mcu.IP6=TIM3
Mcu.IP7=TIM6
Mcu.IP8=TIM9
Mcu.IP9=TIM10
Mcu.IPNb=11
Mcu.Name=STM32L100RCTx
Mcu.Package=LQFP64
Mcu.Pin0=PH0-OSC_IN
Mcu.Pin1=PH1-OSC_OUT
Mcu.Pin10=PA10
Mcu.Pin11=PC10
Mcu.Pin12=PC11
Mcu.Pin13=PB6
Mcu.Pin14=PB9
Mcu.Pin15=VP_SYS_VS_Systick
Mcu.Pin16=VP_TIM2_VS_ClockSourceINT
Mcu.Pin17=VP_TIM3_VS_ClockSourceINT
Mcu.Pin18=VP_TIM6_VS_ClockSourceINT
Mcu.Pin19=VP_TIM9_VS_ClockSourceINT
Mcu.Pin2=PB1
Mcu.Pin20=VP_TIM10_VS_ClockSourceINT
Mcu.Pin3=PB2
Mcu.Pin4=PB10
Mcu.Pin5=PB11
Mcu.Pin6=PB12
Mcu.Pin7=PB13
Mcu.Pin8=PB14
Mcu.Pin9=PC8
Mcu.PinsNb=21
Mcu.ThirdPartyNb=0
Mcu.UserConstants=
Mcu.UserName=STM32L100RCTx
MxCube.Version=4.27.0
MxDb.Version=DB.4.0.270
NVIC.BusFault_IRQn=true\:0\:0\:false\:false\:true\:false
NVIC.DebugMonitor_IRQn=true\:0\:0\:false\:false\:true\:false
NVIC.EXTI15_10_IRQn=true\:1\:0\:true\:true\:true\:4\:true
NVIC.EXTI1_IRQn=true\:1\:0\:true\:true\:true\:8\:true
NVIC.EXTI2_IRQn=true\:1\:0\:true\:true\:true\:7\:true
NVIC.HardFault_IRQn=true\:0\:0\:false\:false\:true\:false
NVIC.MemoryManagement_IRQn=true\:0\:0\:false\:false\:true\:false
NVIC.NonMaskableInt_IRQn=true\:0\:0\:false\:false\:true\:false
NVIC.PendSV_IRQn=true\:0\:0\:false\:false\:true\:false
NVIC.PriorityGroup=NVIC_PRIORITYGROUP_4
NVIC.SVC_IRQn=true\:0\:0\:false\:false\:true\:false
NVIC.SysTick_IRQn=true\:0\:0\:false\:false\:true\:false
NVIC.TIM10_IRQn=true\:0\:0\:false\:true\:true\:5\:true
NVIC.TIM2_IRQn=true\:1\:0\:true\:true\:true\:1\:true
NVIC.TIM3_IRQn=true\:1\:0\:true\:true\:true\:2\:true
NVIC.TIM6_IRQn=true\:0\:0\:false\:true\:true\:3\:true
NVIC.TIM9_IRQn=true\:1\:0\:true\:true\:true\:6\:true
NVIC.UsageFault_IRQn=true\:0\:0\:false\:false\:true\:false
PA10.GPIOParameters=GPIO_Label
PA10.GPIO_Label=DEBUG_TIMER
PA10.Locked=true
PA10.Signal=GPIO_Output
PB1.GPIOParameters=GPIO_PuPd,GPIO_Label,GPIO_ModeDefaultEXTI
PB1.GPIO_Label=PAUSE BUTTON
PB1.GPIO_ModeDefaultEXTI=GPIO_MODE_IT_FALLING
PB1.GPIO_PuPd=GPIO_PULLUP
PB1.Locked=true
PB1.Signal=GPXTI1
PB10.GPIOParameters=GPIO_Label
PB10.GPIO_Label=SCL DISP PLAYER2
PB10.Mode=I2C
PB10.Signal=I2C2_SCL
PB11.GPIOParameters=GPIO_Label
PB11.GPIO_Label=SDA DISP PLAYER2
PB11.Mode=I2C
PB11.Signal=I2C2_SDA
PB12.GPIOParameters=GPIO_Speed,PinState,GPIO_PuPd,GPIO_Label,GPIO_ModeDefaultOutputPP
PB12.GPIO_Label=PLAYER1 DIODE
PB12.GPIO_ModeDefaultOutputPP=GPIO_MODE_OUTPUT_PP
PB12.GPIO_PuPd=GPIO_NOPULL
PB12.GPIO_Speed=GPIO_SPEED_FREQ_LOW
PB12.Locked=true
PB12.PinState=GPIO_PIN_RESET
PB12.Signal=GPIO_Output
PB13.GPIOParameters=GPIO_PuPd,GPIO_Label,GPIO_ModeDefaultEXTI
PB13.GPIO_Label=PLAYER2 BUTTON
PB13.GPIO_ModeDefaultEXTI=GPIO_MODE_IT_FALLING
PB13.GPIO_PuPd=GPIO_PULLUP
PB13.Locked=true
PB13.Signal=GPXTI13
PB14.GPIOParameters=PinState,GPIO_PuPd,GPIO_Label
PB14.GPIO_Label=PLAYER2 DIODE
PB14.GPIO_PuPd=GPIO_NOPULL
PB14.Locked=true
PB14.PinState=GPIO_PIN_RESET
PB14.Signal=GPIO_Output
PB2.GPIOParameters=GPIO_PuPd,GPIO_Label,GPIO_ModeDefaultEXTI
PB2.GPIO_Label=PLAYER1 BUTTON
PB2.GPIO_ModeDefaultEXTI=GPIO_MODE_IT_FALLING
PB2.GPIO_PuPd=GPIO_PULLUP
PB2.Locked=true
PB2.Signal=GPXTI2
PB6.GPIOParameters=GPIO_Label
PB6.GPIO_Label=SCL DISP PLAYER1
PB6.Mode=I2C
PB6.Signal=I2C1_SCL
PB9.GPIOParameters=GPIO_Label
PB9.GPIO_Label=SDA DISP PLAYER1
PB9.Mode=I2C
PB9.Signal=I2C1_SDA
PC10.GPIOParameters=GPIO_Label
PC10.GPIO_Label=BLUETOOTH TX
PC10.Mode=Asynchronous
PC10.Signal=USART3_TX
PC11.GPIOParameters=GPIO_Label
PC11.GPIO_Label=BLUETOOTH RX
PC11.Mode=Asynchronous
PC11.Signal=USART3_RX
PC8.Locked=true
PC8.Signal=GPIO_Output
PCC.Checker=true
PCC.Line=STM32L100 Value Line
PCC.MCU=STM32L100RCTx
PCC.PartNumber=STM32L100RCTx
PCC.Seq0=0
PCC.Series=STM32L1
PCC.Temperature=25
PCC.Vdd=3.0
PH0-OSC_IN.Mode=HSE-External-Oscillator
PH0-OSC_IN.Signal=RCC_OSC_IN
PH1-OSC_OUT.Mode=HSE-External-Oscillator
PH1-OSC_OUT.Signal=RCC_OSC_OUT
PinOutPanel.RotationAngle=0
ProjectManager.AskForMigrate=true
ProjectManager.BackupPrevious=false
ProjectManager.CompilerOptimize=6
ProjectManager.ComputerToolchain=false
ProjectManager.CoupleFile=false
ProjectManager.CustomerFirmwarePackage=
ProjectManager.DefaultFWLocation=true
ProjectManager.DeletePrevious=true
ProjectManager.DeviceId=STM32L100RCTx
ProjectManager.FirmwarePackage=STM32Cube FW_L1 V1.8.1
ProjectManager.FreePins=false
ProjectManager.HalAssertFull=false
ProjectManager.HeapSize=0x200
ProjectManager.KeepUserCode=true
ProjectManager.LastFirmware=true
ProjectManager.LibraryCopy=1
ProjectManager.MainLocation=Src
ProjectManager.NoMain=false
ProjectManager.PreviousToolchain=SW4STM32
ProjectManager.ProjectBuild=false
ProjectManager.ProjectFileName=STMSmartChessClock.ioc
ProjectManager.ProjectName=STMSmartChessClock
ProjectManager.StackSize=0x400
ProjectManager.TargetToolchain=SW4STM32
ProjectManager.ToolChainLocation=
ProjectManager.UnderRoot=true
ProjectManager.functionlistsort=1-MX_GPIO_Init-GPIO-false-HAL-true,2-SystemClock_Config-RCC-false-HAL-false,3-MX_TIM2_Init-TIM2-false-HAL-true,4-MX_I2C2_Init-I2C2-false-HAL-true,5-MX_I2C1_Init-I2C1-false-HAL-true,6-MX_TIM3_Init-TIM3-false-HAL-true,7-MX_TIM9_Init-TIM9-false-HAL-true,8-MX_TIM10_Init-TIM10-false-HAL-true,9-MX_USART3_UART_Init-USART3-false-HAL-true,10-MX_TIM6_Init-TIM6-false-HAL-true
RCC.48MHZClocksFreq_Value=32000000
RCC.AHBFreq_Value=32000000
RCC.APB1Freq_Value=32000000
RCC.APB1TimFreq_Value=32000000
RCC.APB2Freq_Value=32000000
RCC.APB2TimFreq_Value=32000000
RCC.FCLKCortexFreq_Value=32000000
RCC.FamilyName=M
RCC.HCLKFreq_Value=32000000
RCC.HSE_VALUE=8000000
RCC.HSI_VALUE=16000000
RCC.IPParameters=48MHZClocksFreq_Value,AHBFreq_Value,APB1Freq_Value,APB1TimFreq_Value,APB2Freq_Value,APB2TimFreq_Value,FCLKCortexFreq_Value,FamilyName,HCLKFreq_Value,HSE_VALUE,HSI_VALUE,LSE_VALUE,LSI_VALUE,MCOPinFreq_Value,MSI_VALUE,PLLCLKFreq_Value,PLLMUL,PLLSourceVirtual,PWRFreq_Value,RTCFreq_Value,RTCHSEDivFreq_Value,SYSCLKFreq_VALUE,SYSCLKSource,TIMFreq_Value,TimerFreq_Value,VCOInputFreq_Value,VCOOutputFreq_Value
RCC.LSE_VALUE=32768
RCC.LSI_VALUE=37000
RCC.MCOPinFreq_Value=32000000
RCC.MSI_VALUE=2097000
RCC.PLLCLKFreq_Value=32000000
RCC.PLLMUL=RCC_PLL_MUL8
RCC.PLLSourceVirtual=RCC_PLLSOURCE_HSE
RCC.PWRFreq_Value=32000000
RCC.RTCFreq_Value=37000
RCC.RTCHSEDivFreq_Value=4000000
RCC.SYSCLKFreq_VALUE=32000000
RCC.SYSCLKSource=RCC_SYSCLKSOURCE_PLLCLK
RCC.TIMFreq_Value=32000000
RCC.TimerFreq_Value=32000000
RCC.VCOInputFreq_Value=8000000
RCC.VCOOutputFreq_Value=64000000
SH.GPXTI1.0=GPIO_EXTI1
SH.GPXTI1.ConfNb=1
SH.GPXTI13.0=GPIO_EXTI13
SH.GPXTI13.ConfNb=1
SH.GPXTI2.0=GPIO_EXTI2
SH.GPXTI2.ConfNb=1
TIM10.IPParameters=Prescaler,Period
TIM10.Period=499
TIM10.Prescaler=159
TIM2.IPParameters=Period,Prescaler
TIM2.Period=999
TIM2.Prescaler=15
TIM3.IPParameters=Period,Prescaler
TIM3.Period=999
TIM3.Prescaler=159
TIM6.IPParameters=Period,Prescaler
TIM6.Period=9999
TIM6.Prescaler=799
TIM9.IPParameters=Prescaler,Period
TIM9.Period=999
TIM9.Prescaler=15
USART3.IPParameters=VirtualMode
USART3.VirtualMode=VM_ASYNC
VP_SYS_VS_Systick.Mode=SysTick
VP_SYS_VS_Systick.Signal=SYS_VS_Systick
VP_TIM10_VS_ClockSourceINT.Mode=Internal
VP_TIM10_VS_ClockSourceINT.Signal=TIM10_VS_ClockSourceINT
VP_TIM2_VS_ClockSourceINT.Mode=Internal
VP_TIM2_VS_ClockSourceINT.Signal=TIM2_VS_ClockSourceINT
VP_TIM3_VS_ClockSourceINT.Mode=Internal
VP_TIM3_VS_ClockSourceINT.Signal=TIM3_VS_ClockSourceINT
VP_TIM6_VS_ClockSourceINT.Mode=Enable_Timer
VP_TIM6_VS_ClockSourceINT.Signal=TIM6_VS_ClockSourceINT
VP_TIM9_VS_ClockSourceINT.Mode=Internal
VP_TIM9_VS_ClockSourceINT.Signal=TIM9_VS_ClockSourceINT
board=custom
